
Microsoft Visual Studio Solution File, Format Version 12.00
# Visual Studio 15
VisualStudioVersion = 15.0.27703.2000
MinimumVisualStudioVersion = 10.0.40219.1
Project("{FAE04EC0-301F-11D3-BF4B-00C04F79EFBC}") = "jsBugger", "jsBugger\jsBugger.csproj", "{862D31AB-DCBA-4D5E-A68B-3CBBA753ACCD}"
EndProject
Global
	GlobalSection(SolutionConfigurationPlatforms) = preSolution
		Debug|Any CPU = Debug|Any CPU
		Release|Any CPU = Release|Any CPU
	EndGlobalSection
	GlobalSection(ProjectConfigurationPlatforms) = postSolution
		{862D31AB-DCBA-4D5E-A68B-3CBBA753ACCD}.Debug|Any CPU.ActiveCfg = Debug|Any CPU
		{862D31AB-DCBA-4D5E-A68B-3CBBA753ACCD}.Debug|Any CPU.Build.0 = Debug|Any CPU
		{862D31AB-DCBA-4D5E-A68B-3CBBA753ACCD}.Release|Any CPU.ActiveCfg = Release|Any CPU
		{862D31AB-DCBA-4D5E-A68B-3CBBA753ACCD}.Release|Any CPU.Build.0 = Release|Any CPU
	EndGlobalSection
	GlobalSection(SolutionProperties) = preSolution
		HideSolutionNode = FALSE
	EndGlobalSection
	GlobalSection(ExtensibilityGlobals) = postSolution
		SolutionGuid = {F7BFF11A-430F-4848-928A-43883650BEA2}
	EndGlobalSection
EndGlobal
